
Microsoft Visual Studio Solution File, Format Version 12.00
# Visual Studio Version 16
VisualStudioVersion = 16.0.31410.357
MinimumVisualStudioVersion = 10.0.40219.1
Project("{2150E333-8FDC-42A3-9474-1A3956D46DE8}") = "services", "services", "{77EAA4F5-04F7-4882-8E42-BC272498013E}"
EndProject
Project("{2150E333-8FDC-42A3-9474-1A3956D46DE8}") = "src", "src", "{7F323181-A758-423D-BB2A-E25E63365CB6}"
EndProject
Project("{2150E333-8FDC-42A3-9474-1A3956D46DE8}") = "Building Blocks", "Building Blocks", "{21C513A5-3D55-405A-9933-B73E5ABCBF3D}"
EndProject
Project("{2150E333-8FDC-42A3-9474-1A3956D46DE8}") = "Services", "Services", "{96970F3A-9158-4A21-8880-6692C4A0369B}"
EndProject
Project("{9A19103F-16F7-4668-BE54-9A1E7A4F7556}") = "Core.API", "src\building blocks\Core.API\Core.API.csproj", "{7D8A93BE-887D-4FCB-9F11-F672C58D35C9}"
EndProject
Project("{2150E333-8FDC-42A3-9474-1A3956D46DE8}") = "Core", "Core", "{838B8FD5-0433-4F65-9E9A-E86327BAD4CA}"
EndProject
Project("{2150E333-8FDC-42A3-9474-1A3956D46DE8}") = "MessageBus", "MessageBus", "{07EFF36B-7F40-4B24-BB83-3ABD07E1919F}"
EndProject
Project("{9A19103F-16F7-4668-BE54-9A1E7A4F7556}") = "Core", "src\building blocks\Core\Core.csproj", "{48E80381-C969-4BE3-8436-6DB92D478614}"
EndProject
Project("{9A19103F-16F7-4668-BE54-9A1E7A4F7556}") = "MessageBus", "src\building blocks\MessageBus\MessageBus.csproj", "{C76B4178-E729-455A-9E61-FE437573C905}"
EndProject
Project("{FAE04EC0-301F-11D3-BF4B-00C04F79EFBC}") = "Catalogo.API", "src\services\Catalogo.API\Catalogo.API.csproj", "{796ED448-6128-45F7-B703-28FE0CD86EAE}"
EndProject
Global
	GlobalSection(SolutionConfigurationPlatforms) = preSolution
		Debug|Any CPU = Debug|Any CPU
		Release|Any CPU = Release|Any CPU
	EndGlobalSection
	GlobalSection(ProjectConfigurationPlatforms) = postSolution
		{7D8A93BE-887D-4FCB-9F11-F672C58D35C9}.Debug|Any CPU.ActiveCfg = Debug|Any CPU
		{7D8A93BE-887D-4FCB-9F11-F672C58D35C9}.Debug|Any CPU.Build.0 = Debug|Any CPU
		{7D8A93BE-887D-4FCB-9F11-F672C58D35C9}.Release|Any CPU.ActiveCfg = Release|Any CPU
		{7D8A93BE-887D-4FCB-9F11-F672C58D35C9}.Release|Any CPU.Build.0 = Release|Any CPU
		{48E80381-C969-4BE3-8436-6DB92D478614}.Debug|Any CPU.ActiveCfg = Debug|Any CPU
		{48E80381-C969-4BE3-8436-6DB92D478614}.Debug|Any CPU.Build.0 = Debug|Any CPU
		{48E80381-C969-4BE3-8436-6DB92D478614}.Release|Any CPU.ActiveCfg = Release|Any CPU
		{48E80381-C969-4BE3-8436-6DB92D478614}.Release|Any CPU.Build.0 = Release|Any CPU
		{C76B4178-E729-455A-9E61-FE437573C905}.Debug|Any CPU.ActiveCfg = Debug|Any CPU
		{C76B4178-E729-455A-9E61-FE437573C905}.Debug|Any CPU.Build.0 = Debug|Any CPU
		{C76B4178-E729-455A-9E61-FE437573C905}.Release|Any CPU.ActiveCfg = Release|Any CPU
		{C76B4178-E729-455A-9E61-FE437573C905}.Release|Any CPU.Build.0 = Release|Any CPU
		{796ED448-6128-45F7-B703-28FE0CD86EAE}.Debug|Any CPU.ActiveCfg = Debug|Any CPU
		{796ED448-6128-45F7-B703-28FE0CD86EAE}.Debug|Any CPU.Build.0 = Debug|Any CPU
		{796ED448-6128-45F7-B703-28FE0CD86EAE}.Release|Any CPU.ActiveCfg = Release|Any CPU
		{796ED448-6128-45F7-B703-28FE0CD86EAE}.Release|Any CPU.Build.0 = Release|Any CPU
	EndGlobalSection
	GlobalSection(SolutionProperties) = preSolution
		HideSolutionNode = FALSE
	EndGlobalSection
	GlobalSection(NestedProjects) = preSolution
		{77EAA4F5-04F7-4882-8E42-BC272498013E} = {7F323181-A758-423D-BB2A-E25E63365CB6}
		{21C513A5-3D55-405A-9933-B73E5ABCBF3D} = {7F323181-A758-423D-BB2A-E25E63365CB6}
		{96970F3A-9158-4A21-8880-6692C4A0369B} = {21C513A5-3D55-405A-9933-B73E5ABCBF3D}
		{7D8A93BE-887D-4FCB-9F11-F672C58D35C9} = {96970F3A-9158-4A21-8880-6692C4A0369B}
		{838B8FD5-0433-4F65-9E9A-E86327BAD4CA} = {21C513A5-3D55-405A-9933-B73E5ABCBF3D}
		{07EFF36B-7F40-4B24-BB83-3ABD07E1919F} = {21C513A5-3D55-405A-9933-B73E5ABCBF3D}
		{48E80381-C969-4BE3-8436-6DB92D478614} = {838B8FD5-0433-4F65-9E9A-E86327BAD4CA}
		{C76B4178-E729-455A-9E61-FE437573C905} = {07EFF36B-7F40-4B24-BB83-3ABD07E1919F}
		{796ED448-6128-45F7-B703-28FE0CD86EAE} = {77EAA4F5-04F7-4882-8E42-BC272498013E}
	EndGlobalSection
	GlobalSection(ExtensibilityGlobals) = postSolution
		SolutionGuid = {7A6C10BE-36F4-447A-9A98-42A25C3F1001}
	EndGlobalSection
EndGlobal
